// !$*UTF8*$!
{
	archiveVersion = 1;
	classes = {
	};
	objectVersion = 46;
	objects = {

/* Begin PBXBuildFile section */
		8D255AC70486D3F9007BF209 /* RedPill_Prefix.pch in Headers */ = {isa = PBXBuildFile; fileRef = 32DBCFA80370C50100C91783 /* RedPill_Prefix.pch */; };
		8D255ACA0486D3F9007BF209 /* InfoPlist.strings in Resources */ = {isa = PBXBuildFile; fileRef = 089C167DFE841241C02AAC07 /* InfoPlist.strings */; };
		8D255ACE0486D3F9007BF209 /* Cocoa.framework in Frameworks */ = {isa = PBXBuildFile; fileRef = 1058C7ADFEA557BF11CA2CBB /* Cocoa.framework */; };
		8D255ACF0486D3F9007BF209 /* ScreenSaver.framework in Frameworks */ = {isa = PBXBuildFile; fileRef = 06F27B2DFFEEEFEF11CA0E56 /* ScreenSaver.framework */; };
		C0F75DF814649DBA00BC0085 /* GLUtils.h in Headers */ = {isa = PBXBuildFile; fileRef = C0F75DEA14649DBA00BC0085 /* GLUtils.h */; };
		C0F75DF914649DBA00BC0085 /* GLUtils.m in Sources */ = {isa = PBXBuildFile; fileRef = C0F75DEB14649DBA00BC0085 /* GLUtils.m */; };
		C0F75DFA14649DBA00BC0085 /* MatrixMacros.h in Headers */ = {isa = PBXBuildFile; fileRef = C0F75DEC14649DBA00BC0085 /* MatrixMacros.h */; };
		C0F75DFB14649DBA00BC0085 /* MatrixOpenGLView.h in Headers */ = {isa = PBXBuildFile; fileRef = C0F75DED14649DBA00BC0085 /* MatrixOpenGLView.h */; };
		C0F75DFC14649DBA00BC0085 /* MatrixOpenGLView.m in Sources */ = {isa = PBXBuildFile; fileRef = C0F75DEE14649DBA00BC0085 /* MatrixOpenGLView.m */; };
		C0F75DFD14649DBA00BC0085 /* MatrixPrefsWindow.h in Headers */ = {isa = PBXBuildFile; fileRef = C0F75DEF14649DBA00BC0085 /* MatrixPrefsWindow.h */; };
		C0F75DFE14649DBA00BC0085 /* MatrixPrefsWindow.m in Sources */ = {isa = PBXBuildFile; fileRef = C0F75DF014649DBA00BC0085 /* MatrixPrefsWindow.m */; };
		C0F75DFF14649DBA00BC0085 /* MatrixStrip.h in Headers */ = {isa = PBXBuildFile; fileRef = C0F75DF114649DBA00BC0085 /* MatrixStrip.h */; };
		C0F75E0014649DBA00BC0085 /* MatrixStrip.m in Sources */ = {isa = PBXBuildFile; fileRef = C0F75DF214649DBA00BC0085 /* MatrixStrip.m */; };
		C0F75E0114649DBA00BC0085 /* MatrixStripParams.h in Headers */ = {isa = PBXBuildFile; fileRef = C0F75DF314649DBA00BC0085 /* MatrixStripParams.h */; };
		C0F75E0214649DBA00BC0085 /* MatrixTexture.h in Headers */ = {isa = PBXBuildFile; fileRef = C0F75DF414649DBA00BC0085 /* MatrixTexture.h */; };
		C0F75E0314649DBA00BC0085 /* MatrixTexture.m in Sources */ = {isa = PBXBuildFile; fileRef = C0F75DF514649DBA00BC0085 /* MatrixTexture.m */; };
		C0F75E0414649DBA00BC0085 /* MatrixView.h in Headers */ = {isa = PBXBuildFile; fileRef = C0F75DF614649DBA00BC0085 /* MatrixView.h */; };
		C0F75E0514649DBA00BC0085 /* MatrixView.m in Sources */ = {isa = PBXBuildFile; fileRef = C0F75DF714649DBA00BC0085 /* MatrixView.m */; };
		C0F75E0B14649E1C00BC0085 /* Matrix.nib in Resources */ = {isa = PBXBuildFile; fileRef = C0F75E0914649E1C00BC0085 /* Matrix.nib */; };
		C0F75E1214649E8E00BC0085 /* OpenGL.framework in Frameworks */ = {isa = PBXBuildFile; fileRef = C0F75E1114649E8E00BC0085 /* OpenGL.framework */; };
		C0F75E1C1464A00100BC0085 /* Glyphs.png in Resources */ = {isa = PBXBuildFile; fileRef = C0F75E1B1464A00100BC0085 /* Glyphs.png */; };
/* End PBXBuildFile section */

/* Begin PBXFileReference section */
		06F27B2DFFEEEFEF11CA0E56 /* ScreenSaver.framework */ = {isa = PBXFileReference; lastKnownFileType = wrapper.framework; name = ScreenSaver.framework; path = /System/Library/Frameworks/ScreenSaver.framework; sourceTree = "<absolute>"; };
		089C1672FE841209C02AAC07 /* Foundation.framework */ = {isa = PBXFileReference; lastKnownFileType = wrapper.framework; name = Foundation.framework; path = /System/Library/Frameworks/Foundation.framework; sourceTree = "<absolute>"; };
		089C167EFE841241C02AAC07 /* English */ = {isa = PBXFileReference; fileEncoding = 10; lastKnownFileType = text.plist.strings; name = English; path = English.lproj/InfoPlist.strings; sourceTree = "<group>"; };
		089C167FFE841241C02AAC07 /* AppKit.framework */ = {isa = PBXFileReference; lastKnownFileType = wrapper.framework; name = AppKit.framework; path = /System/Library/Frameworks/AppKit.framework; sourceTree = "<absolute>"; };
		1058C7ADFEA557BF11CA2CBB /* Cocoa.framework */ = {isa = PBXFileReference; lastKnownFileType = wrapper.framework; name = Cocoa.framework; path = /System/Library/Frameworks/Cocoa.framework; sourceTree = "<absolute>"; };
		32DBCFA80370C50100C91783 /* RedPill_Prefix.pch */ = {isa = PBXFileReference; fileEncoding = 4; lastKnownFileType = sourcecode.c.h; path = RedPill_Prefix.pch; sourceTree = "<group>"; };
		8D255AD20486D3F9007BF209 /* Info.plist */ = {isa = PBXFileReference; fileEncoding = 4; lastKnownFileType = text.plist; path = Info.plist; sourceTree = "<group>"; };
		8D255AD30486D3F9007BF209 /* RedPill.saver */ = {isa = PBXFileReference; explicitFileType = wrapper.cfbundle; includeInIndex = 0; path = RedPill.saver; sourceTree = BUILT_PRODUCTS_DIR; };
		C0F75DEA14649DBA00BC0085 /* GLUtils.h */ = {isa = PBXFileReference; fileEncoding = 4; lastKnownFileType = sourcecode.c.h; path = GLUtils.h; sourceTree = "<group>"; };
		C0F75DEB14649DBA00BC0085 /* GLUtils.m */ = {isa = PBXFileReference; fileEncoding = 4; lastKnownFileType = sourcecode.c.objc; path = GLUtils.m; sourceTree = "<group>"; };
		C0F75DEC14649DBA00BC0085 /* MatrixMacros.h */ = {isa = PBXFileReference; fileEncoding = 4; lastKnownFileType = sourcecode.c.h; path = MatrixMacros.h; sourceTree = "<group>"; };
		C0F75DED14649DBA00BC0085 /* MatrixOpenGLView.h */ = {isa = PBXFileReference; fileEncoding = 4; lastKnownFileType = sourcecode.c.h; path = MatrixOpenGLView.h; sourceTree = "<group>"; };
		C0F75DEE14649DBA00BC0085 /* MatrixOpenGLView.m */ = {isa = PBXFileReference; fileEncoding = 4; lastKnownFileType = sourcecode.c.objc; path = MatrixOpenGLView.m; sourceTree = "<group>"; };
		C0F75DEF14649DBA00BC0085 /* MatrixPrefsWindow.h */ = {isa = PBXFileReference; fileEncoding = 4; lastKnownFileType = sourcecode.c.h; path = MatrixPrefsWindow.h; sourceTree = "<group>"; };
		C0F75DF014649DBA00BC0085 /* MatrixPrefsWindow.m */ = {isa = PBXFileReference; fileEncoding = 4; lastKnownFileType = sourcecode.c.objc; path = MatrixPrefsWindow.m; sourceTree = "<group>"; };
		C0F75DF114649DBA00BC0085 /* MatrixStrip.h */ = {isa = PBXFileReference; fileEncoding = 4; lastKnownFileType = sourcecode.c.h; path = MatrixStrip.h; sourceTree = "<group>"; };
		C0F75DF214649DBA00BC0085 /* MatrixStrip.m */ = {isa = PBXFileReference; fileEncoding = 4; lastKnownFileType = sourcecode.c.objc; path = MatrixStrip.m; sourceTree = "<group>"; };
		C0F75DF314649DBA00BC0085 /* MatrixStripParams.h */ = {isa = PBXFileReference; fileEncoding = 4; lastKnownFileType = sourcecode.c.h; path = MatrixStripParams.h; sourceTree = "<group>"; };
		C0F75DF414649DBA00BC0085 /* MatrixTexture.h */ = {isa = PBXFileReference; fileEncoding = 4; lastKnownFileType = sourcecode.c.h; path = MatrixTexture.h; sourceTree = "<group>"; };
		C0F75DF514649DBA00BC0085 /* MatrixTexture.m */ = {isa = PBXFileReference; fileEncoding = 4; lastKnownFileType = sourcecode.c.objc; path = MatrixTexture.m; sourceTree = "<group>"; };
		C0F75DF614649DBA00BC0085 /* MatrixView.h */ = {isa = PBXFileReference; fileEncoding = 4; lastKnownFileType = sourcecode.c.h; path = MatrixView.h; sourceTree = "<group>"; };
		C0F75DF714649DBA00BC0085 /* MatrixView.m */ = {isa = PBXFileReference; fileEncoding = 4; lastKnownFileType = sourcecode.c.objc; path = MatrixView.m; sourceTree = "<group>"; };
		C0F75E0A14649E1C00BC0085 /* English */ = {isa = PBXFileReference; lastKnownFileType = wrapper.nib; name = English; path = English.lproj/Matrix.nib; sourceTree = "<group>"; };
		C0F75E0E14649E5500BC0085 /* Japanese */ = {isa = PBXFileReference; lastKnownFileType = wrapper.nib; name = Japanese; path = Japanese.lproj/Matrix.nib; sourceTree = "<group>"; };
		C0F75E1114649E8E00BC0085 /* OpenGL.framework */ = {isa = PBXFileReference; lastKnownFileType = wrapper.framework; name = OpenGL.framework; path = System/Library/Frameworks/OpenGL.framework; sourceTree = SDKROOT; };
		C0F75E1B1464A00100BC0085 /* Glyphs.png */ = {isa = PBXFileReference; lastKnownFileType = image.png; path = Glyphs.png; sourceTree = "<group>"; };
/* End PBXFileReference section */

/* Begin PBXFrameworksBuildPhase section */
		8D255ACD0486D3F9007BF209 /* Frameworks */ = {
			isa = PBXFrameworksBuildPhase;
			buildActionMask = 2147483647;
			files = (
				8D255ACE0486D3F9007BF209 /* Cocoa.framework in Frameworks */,
				8D255ACF0486D3F9007BF209 /* ScreenSaver.framework in Frameworks */,
				C0F75E1214649E8E00BC0085 /* OpenGL.framework in Frameworks */,
			);
			runOnlyForDeploymentPostprocessing = 0;
		};
/* End PBXFrameworksBuildPhase section */

/* Begin PBXGroup section */
		089C166AFE841209C02AAC07 /* RedPill */ = {
			isa = PBXGroup;
			children = (
				08FB77AFFE84173DC02AAC07 /* Classes */,
				32DBCFA70370C4F300C91783 /* Other Sources */,
				089C167CFE841241C02AAC07 /* Resources */,
				089C1671FE841209C02AAC07 /* Frameworks and Libraries */,
				19C28FB8FE9D52D311CA2CBB /* Products */,
			);
			indentWidth = 2;
			name = RedPill;
			sourceTree = "<group>";
			tabWidth = 2;
		};
		089C1671FE841209C02AAC07 /* Frameworks and Libraries */ = {
			isa = PBXGroup;
			children = (
				1058C7ACFEA557BF11CA2CBB /* Linked Frameworks */,
				1058C7AEFEA557BF11CA2CBB /* Other Frameworks */,
			);
			name = "Frameworks and Libraries";
			sourceTree = "<group>";
		};
		089C167CFE841241C02AAC07 /* Resources */ = {
			isa = PBXGroup;
			children = (
				C0F75E1B1464A00100BC0085 /* Glyphs.png */,
				C0F75E0914649E1C00BC0085 /* Matrix.nib */,
				8D255AD20486D3F9007BF209 /* Info.plist */,
				089C167DFE841241C02AAC07 /* InfoPlist.strings */,
			);
			name = Resources;
			sourceTree = "<group>";
		};
		08FB77AFFE84173DC02AAC07 /* Classes */ = {
			isa = PBXGroup;
			children = (
				C0F75DEA14649DBA00BC0085 /* GLUtils.h */,
				C0F75DEB14649DBA00BC0085 /* GLUtils.m */,
				C0F75DEC14649DBA00BC0085 /* MatrixMacros.h */,
				C0F75DED14649DBA00BC0085 /* MatrixOpenGLView.h */,
				C0F75DEE14649DBA00BC0085 /* MatrixOpenGLView.m */,
				C0F75DEF14649DBA00BC0085 /* MatrixPrefsWindow.h */,
				C0F75DF014649DBA00BC0085 /* MatrixPrefsWindow.m */,
				C0F75DF114649DBA00BC0085 /* MatrixStrip.h */,
				C0F75DF214649DBA00BC0085 /* MatrixStrip.m */,
				C0F75DF314649DBA00BC0085 /* MatrixStripParams.h */,
				C0F75DF414649DBA00BC0085 /* MatrixTexture.h */,
				C0F75DF514649DBA00BC0085 /* MatrixTexture.m */,
				C0F75DF614649DBA00BC0085 /* MatrixView.h */,
				C0F75DF714649DBA00BC0085 /* MatrixView.m */,
			);
			name = Classes;
			sourceTree = "<group>";
		};
		1058C7ACFEA557BF11CA2CBB /* Linked Frameworks */ = {
			isa = PBXGroup;
			children = (
				1058C7ADFEA557BF11CA2CBB /* Cocoa.framework */,
				06F27B2DFFEEEFEF11CA0E56 /* ScreenSaver.framework */,
				C0F75E1114649E8E00BC0085 /* OpenGL.framework */,
			);
			name = "Linked Frameworks";
			sourceTree = "<group>";
		};
		1058C7AEFEA557BF11CA2CBB /* Other Frameworks */ = {
			isa = PBXGroup;
			children = (
				089C1672FE841209C02AAC07 /* Foundation.framework */,
				089C167FFE841241C02AAC07 /* AppKit.framework */,
			);
			name = "Other Frameworks";
			sourceTree = "<group>";
		};
		19C28FB8FE9D52D311CA2CBB /* Products */ = {
			isa = PBXGroup;
			children = (
				8D255AD30486D3F9007BF209 /* RedPill.saver */,
			);
			name = Products;
			sourceTree = "<group>";
		};
		32DBCFA70370C4F300C91783 /* Other Sources */ = {
			isa = PBXGroup;
			children = (
				32DBCFA80370C50100C91783 /* RedPill_Prefix.pch */,
			);
			name = "Other Sources";
			sourceTree = "<group>";
		};
/* End PBXGroup section */

/* Begin PBXHeadersBuildPhase section */
		8D255AC60486D3F9007BF209 /* Headers */ = {
			isa = PBXHeadersBuildPhase;
			buildActionMask = 2147483647;
			files = (
				8D255AC70486D3F9007BF209 /* RedPill_Prefix.pch in Headers */,
				C0F75DF814649DBA00BC0085 /* GLUtils.h in Headers */,
				C0F75DFA14649DBA00BC0085 /* MatrixMacros.h in Headers */,
				C0F75DFB14649DBA00BC0085 /* MatrixOpenGLView.h in Headers */,
				C0F75DFD14649DBA00BC0085 /* MatrixPrefsWindow.h in Headers */,
				C0F75DFF14649DBA00BC0085 /* MatrixStrip.h in Headers */,
				C0F75E0114649DBA00BC0085 /* MatrixStripParams.h in Headers */,
				C0F75E0214649DBA00BC0085 /* MatrixTexture.h in Headers */,
				C0F75E0414649DBA00BC0085 /* MatrixView.h in Headers */,
			);
			runOnlyForDeploymentPostprocessing = 0;
		};
/* End PBXHeadersBuildPhase section */

/* Begin PBXNativeTarget section */
		8D255AC50486D3F9007BF209 /* RedPill */ = {
			isa = PBXNativeTarget;
			buildConfigurationList = EF7AD72D08BB986600CE4634 /* Build configuration list for PBXNativeTarget "RedPill" */;
			buildPhases = (
				8D255AC60486D3F9007BF209 /* Headers */,
				8D255AC90486D3F9007BF209 /* Resources */,
				8D255ACB0486D3F9007BF209 /* Sources */,
				8D255ACD0486D3F9007BF209 /* Frameworks */,
				8D255AD00486D3F9007BF209 /* Rez */,
			);
			buildRules = (
			);
			dependencies = (
			);
			name = RedPill;
			productInstallPath = "$(HOME)/Library/Screen Savers";
			productName = RedPill;
			productReference = 8D255AD30486D3F9007BF209 /* RedPill.saver */;
			productType = "com.apple.product-type.bundle";
		};
/* End PBXNativeTarget section */

/* Begin PBXProject section */
		089C1669FE841209C02AAC07 /* Project object */ = {
			isa = PBXProject;
			attributes = {
				LastUpgradeCheck = 1310;
			};
			buildConfigurationList = EF7AD73108BB986600CE4634 /* Build configuration list for PBXProject "RedPill" */;
			compatibilityVersion = "Xcode 3.2";
			developmentRegion = English;
			hasScannedForEncodings = 1;
			knownRegions = (
				English,
				Japanese,
				French,
				German,
			);
			mainGroup = 089C166AFE841209C02AAC07 /* RedPill */;
			projectDirPath = "";
			projectRoot = "";
			targets = (
				8D255AC50486D3F9007BF209 /* RedPill */,
			);
		};
/* End PBXProject section */

/* Begin PBXResourcesBuildPhase section */
		8D255AC90486D3F9007BF209 /* Resources */ = {
			isa = PBXResourcesBuildPhase;
			buildActionMask = 2147483647;
			files = (
				8D255ACA0486D3F9007BF209 /* InfoPlist.strings in Resources */,
				C0F75E0B14649E1C00BC0085 /* Matrix.nib in Resources */,
				C0F75E1C1464A00100BC0085 /* Glyphs.png in Resources */,
			);
			runOnlyForDeploymentPostprocessing = 0;
		};
/* End PBXResourcesBuildPhase section */

/* Begin PBXRezBuildPhase section */
		8D255AD00486D3F9007BF209 /* Rez */ = {
			isa = PBXRezBuildPhase;
			buildActionMask = 2147483647;
			files = (
			);
			runOnlyForDeploymentPostprocessing = 0;
		};
/* End PBXRezBuildPhase section */

/* Begin PBXSourcesBuildPhase section */
		8D255ACB0486D3F9007BF209 /* Sources */ = {
			isa = PBXSourcesBuildPhase;
			buildActionMask = 2147483647;
			files = (
				C0F75DF914649DBA00BC0085 /* GLUtils.m in Sources */,
				C0F75DFC14649DBA00BC0085 /* MatrixOpenGLView.m in Sources */,
				C0F75DFE14649DBA00BC0085 /* MatrixPrefsWindow.m in Sources */,
				C0F75E0014649DBA00BC0085 /* MatrixStrip.m in Sources */,
				C0F75E0314649DBA00BC0085 /* MatrixTexture.m in Sources */,
				C0F75E0514649DBA00BC0085 /* MatrixView.m in Sources */,
			);
			runOnlyForDeploymentPostprocessing = 0;
		};
/* End PBXSourcesBuildPhase section */

/* Begin PBXVariantGroup section */
		089C167DFE841241C02AAC07 /* InfoPlist.strings */ = {
			isa = PBXVariantGroup;
			children = (
				089C167EFE841241C02AAC07 /* English */,
			);
			name = InfoPlist.strings;
			sourceTree = "<group>";
		};
		C0F75E0914649E1C00BC0085 /* Matrix.nib */ = {
			isa = PBXVariantGroup;
			children = (
				C0F75E0A14649E1C00BC0085 /* English */,
				C0F75E0E14649E5500BC0085 /* Japanese */,
			);
			name = Matrix.nib;
			sourceTree = "<group>";
		};
/* End PBXVariantGroup section */

/* Begin XCBuildConfiguration section */
		EF7AD72E08BB986600CE4634 /* Debug */ = {
			isa = XCBuildConfiguration;
			buildSettings = {
				CLANG_ENABLE_OBJC_WEAK = YES;
				CURRENT_PROJECT_VERSION = 2.1.1;
				DEBUG_INFORMATION_FORMAT = dwarf;
				GCC_DYNAMIC_NO_PIC = NO;
				GCC_MODEL_TUNING = "";
				GCC_OPTIMIZATION_LEVEL = 0;
				GCC_PRECOMPILE_PREFIX_HEADER = YES;
				GCC_PREFIX_HEADER = RedPill_Prefix.pch;
				INFOPLIST_FILE = Info.plist;
				INSTALL_PATH = "";
				MARKETING_VERSION = 2.1.1;
				PRODUCT_BUNDLE_IDENTIFIER = "com.ATH0.${PRODUCT_NAME:identifier}";
				PRODUCT_NAME = RedPill;
				STRIP_INSTALLED_PRODUCT = YES;
				WRAPPER_EXTENSION = saver;
				ZERO_LINK = NO;
			};
			name = Debug;
		};
		EF7AD72F08BB986600CE4634 /* Release */ = {
			isa = XCBuildConfiguration;
			buildSettings = {
				CLANG_ENABLE_OBJC_WEAK = YES;
				CURRENT_PROJECT_VERSION = 2.1.1;
				DEBUG_INFORMATION_FORMAT = dwarf;
				GCC_MODEL_TUNING = "";
				GCC_PRECOMPILE_PREFIX_HEADER = YES;
				GCC_PREFIX_HEADER = RedPill_Prefix.pch;
				INFOPLIST_FILE = Info.plist;
				INSTALL_PATH = "";
				MARKETING_VERSION = 2.1.1;
				PRODUCT_BUNDLE_IDENTIFIER = "com.ATH0.${PRODUCT_NAME:identifier}";
				PRODUCT_NAME = RedPill;
				STRIP_INSTALLED_PRODUCT = YES;
				WRAPPER_EXTENSION = saver;
				ZERO_LINK = NO;
			};
			name = Release;
		};
		EF7AD73208BB986600CE4634 /* Debug */ = {
			isa = XCBuildConfiguration;
			buildSettings = {
				CLANG_ANALYZER_LOCALIZABILITY_NONLOCALIZED = YES;
				CLANG_WARN_BLOCK_CAPTURE_AUTORELEASING = YES;
				CLANG_WARN_BOOL_CONVERSION = YES;
				CLANG_WARN_COMMA = YES;
				CLANG_WARN_CONSTANT_CONVERSION = YES;
				CLANG_WARN_DEPRECATED_OBJC_IMPLEMENTATIONS = YES;
				CLANG_WARN_EMPTY_BODY = YES;
				CLANG_WARN_ENUM_CONVERSION = YES;
				CLANG_WARN_INFINITE_RECURSION = YES;
				CLANG_WARN_INT_CONVERSION = YES;
				CLANG_WARN_NON_LITERAL_NULL_CONVERSION = YES;
				CLANG_WARN_OBJC_IMPLICIT_RETAIN_SELF = YES;
				CLANG_WARN_OBJC_LITERAL_CONVERSION = YES;
				CLANG_WARN_QUOTED_INCLUDE_IN_FRAMEWORK_HEADER = YES;
				CLANG_WARN_RANGE_LOOP_ANALYSIS = YES;
				CLANG_WARN_STRICT_PROTOTYPES = YES;
				CLANG_WARN_SUSPICIOUS_MOVE = YES;
				CLANG_WARN_UNREACHABLE_CODE = YES;
				CLANG_WARN__DUPLICATE_METHOD_MATCH = YES;
				ENABLE_STRICT_OBJC_MSGSEND = YES;
				ENABLE_TESTABILITY = YES;
				GCC_C_LANGUAGE_STANDARD = c99;
				GCC_NO_COMMON_BLOCKS = YES;
				GCC_WARN_64_TO_32_BIT_CONVERSION = YES;
				GCC_WARN_ABOUT_RETURN_TYPE = YES;
				GCC_WARN_UNDECLARED_SELECTOR = YES;
				GCC_WARN_UNINITIALIZED_AUTOS = YES;
				GCC_WARN_UNUSED_FUNCTION = YES;
				GCC_WARN_UNUSED_VARIABLE = YES;
				INFOPLIST_FILE = Info.plist;
				MACOSX_DEPLOYMENT_TARGET = 12.0;
				ONLY_ACTIVE_ARCH = YES;
				PRODUCT_NAME = RedPill;
				SDKROOT = macosx;
				WRAPPER_EXTENSION = saver;
			};
			name = Debug;
		};
		EF7AD73308BB986600CE4634 /* Release */ = {
			isa = XCBuildConfiguration;
			buildSettings = {
				CLANG_ANALYZER_LOCALIZABILITY_NONLOCALIZED = YES;
				CLANG_WARN_BLOCK_CAPTURE_AUTORELEASING = YES;
				CLANG_WARN_BOOL_CONVERSION = YES;
				CLANG_WARN_COMMA = YES;
				CLANG_WARN_CONSTANT_CONVERSION = YES;
				CLANG_WARN_DEPRECATED_OBJC_IMPLEMENTATIONS = YES;
				CLANG_WARN_EMPTY_BODY = YES;
				CLANG_WARN_ENUM_CONVERSION = YES;
				CLANG_WARN_INFINITE_RECURSION = YES;
				CLANG_WARN_INT_CONVERSION = YES;
				CLANG_WARN_NON_LITERAL_NULL_CONVERSION = YES;
				CLANG_WARN_OBJC_IMPLICIT_RETAIN_SELF = YES;
				CLANG_WARN_OBJC_LITERAL_CONVERSION = YES;
				CLANG_WARN_QUOTED_INCLUDE_IN_FRAMEWORK_HEADER = YES;
				CLANG_WARN_RANGE_LOOP_ANALYSIS = YES;
				CLANG_WARN_STRICT_PROTOTYPES = YES;
				CLANG_WARN_SUSPICIOUS_MOVE = YES;
				CLANG_WARN_UNREACHABLE_CODE = YES;
				CLANG_WARN__DUPLICATE_METHOD_MATCH = YES;
				ENABLE_STRICT_OBJC_MSGSEND = YES;
				GCC_C_LANGUAGE_STANDARD = c99;
				GCC_NO_COMMON_BLOCKS = YES;
				GCC_WARN_64_TO_32_BIT_CONVERSION = YES;
				GCC_WARN_ABOUT_RETURN_TYPE = YES;
				GCC_WARN_UNDECLARED_SELECTOR = YES;
				GCC_WARN_UNINITIALIZED_AUTOS = YES;
				GCC_WARN_UNUSED_FUNCTION = YES;
				GCC_WARN_UNUSED_VARIABLE = YES;
				INFOPLIST_FILE = Info.plist;
				MACOSX_DEPLOYMENT_TARGET = 12.0;
				PRODUCT_NAME = RedPill;
				SDKROOT = macosx;
				WRAPPER_EXTENSION = saver;
			};
			name = Release;
		};
/* End XCBuildConfiguration section */

/* Begin XCConfigurationList section */
		EF7AD72D08BB986600CE4634 /* Build configuration list for PBXNativeTarget "RedPill" */ = {
			isa = XCConfigurationList;
			buildConfigurations = (
				EF7AD72E08BB986600CE4634 /* Debug */,
				EF7AD72F08BB986600CE4634 /* Release */,
			);
			defaultConfigurationIsVisible = 0;
			defaultConfigurationName = Release;
		};
		EF7AD73108BB986600CE4634 /* Build configuration list for PBXProject "RedPill" */ = {
			isa = XCConfigurationList;
			buildConfigurations = (
				EF7AD73208BB986600CE4634 /* Debug */,
				EF7AD73308BB986600CE4634 /* Release */,
			);
			defaultConfigurationIsVisible = 0;
			defaultConfigurationName = Release;
		};
/* End XCConfigurationList section */
	};
	rootObject = 089C1669FE841209C02AAC07 /* Project object */;
}
